// !$*UTF8*$!
{
	archiveVersion = 1;
	classes = {
	};
	objectVersion = 46;
	objects = {

/* Begin PBXBuildFile section */
		D62B372C19FD665B00B2DCF2 /* main.m in Sources */ = {isa = PBXBuildFile; fileRef = D62B372B19FD665B00B2DCF2 /* main.m */; };
		D62B372F19FD665B00B2DCF2 /* AppDelegate.m in Sources */ = {isa = PBXBuildFile; fileRef = D62B372E19FD665B00B2DCF2 /* AppDelegate.m */; };
		D62B373219FD665B00B2DCF2 /* UnitTestsCardExample.xcdatamodeld in Sources */ = {isa = PBXBuildFile; fileRef = D62B373019FD665B00B2DCF2 /* UnitTestsCardExample.xcdatamodeld */; };
		D62B373519FD665B00B2DCF2 /* ViewController.m in Sources */ = {isa = PBXBuildFile; fileRef = D62B373419FD665B00B2DCF2 /* ViewController.m */; };
		D62B373819FD665B00B2DCF2 /* Main.storyboard in Resources */ = {isa = PBXBuildFile; fileRef = D62B373619FD665B00B2DCF2 /* Main.storyboard */; };
		D62B373A19FD665B00B2DCF2 /* Images.xcassets in Resources */ = {isa = PBXBuildFile; fileRef = D62B373919FD665B00B2DCF2 /* Images.xcassets */; };
		D62B373D19FD665B00B2DCF2 /* LaunchScreen.xib in Resources */ = {isa = PBXBuildFile; fileRef = D62B373B19FD665B00B2DCF2 /* LaunchScreen.xib */; };
		D62B375419FD67C600B2DCF2 /* Card.m in Sources */ = {isa = PBXBuildFile; fileRef = D62B375319FD67C600B2DCF2 /* Card.m */; };
		D62B375719FD6BD500B2DCF2 /* PlayingCard.m in Sources */ = {isa = PBXBuildFile; fileRef = D62B375619FD6BD500B2DCF2 /* PlayingCard.m */; };
		D62B375B19FD71AA00B2DCF2 /* Deck.m in Sources */ = {isa = PBXBuildFile; fileRef = D62B375A19FD71AA00B2DCF2 /* Deck.m */; };
		D62B375E19FD726600B2DCF2 /* PlayingCardDeck.m in Sources */ = {isa = PBXBuildFile; fileRef = D62B375D19FD726600B2DCF2 /* PlayingCardDeck.m */; };
		D62B376019FD889400B2DCF2 /* CardTestCase.m in Sources */ = {isa = PBXBuildFile; fileRef = D62B375F19FD889400B2DCF2 /* CardTestCase.m */; };
		D62B376219FD966600B2DCF2 /* PlayingCardTestCase.m in Sources */ = {isa = PBXBuildFile; fileRef = D62B376119FD966600B2DCF2 /* PlayingCardTestCase.m */; };
		D62B376419FD9AFD00B2DCF2 /* DeckTestCase.m in Sources */ = {isa = PBXBuildFile; fileRef = D62B376319FD9AFD00B2DCF2 /* DeckTestCase.m */; };
		D62B376619FD9D1400B2DCF2 /* PlayingCardDeckTestCase.m in Sources */ = {isa = PBXBuildFile; fileRef = D62B376519FD9D1400B2DCF2 /* PlayingCardDeckTestCase.m */; };
/* End PBXBuildFile section */

/* Begin PBXContainerItemProxy section */
		D62B374319FD665B00B2DCF2 /* PBXContainerItemProxy */ = {
			isa = PBXContainerItemProxy;
			containerPortal = D62B371E19FD665B00B2DCF2 /* Project object */;
			proxyType = 1;
			remoteGlobalIDString = D62B372519FD665B00B2DCF2;
			remoteInfo = UnitTestsCardExample;
		};
/* End PBXContainerItemProxy section */

/* Begin PBXFileReference section */
		D62B372619FD665B00B2DCF2 /* UnitTestsCardExample.app */ = {isa = PBXFileReference; explicitFileType = wrapper.application; includeInIndex = 0; path = UnitTestsCardExample.app; sourceTree = BUILT_PRODUCTS_DIR; };
		D62B372A19FD665B00B2DCF2 /* Info.plist */ = {isa = PBXFileReference; lastKnownFileType = text.plist.xml; path = Info.plist; sourceTree = "<group>"; };
		D62B372B19FD665B00B2DCF2 /* main.m */ = {isa = PBXFileReference; lastKnownFileType = sourcecode.c.objc; path = main.m; sourceTree = "<group>"; };
		D62B372D19FD665B00B2DCF2 /* AppDelegate.h */ = {isa = PBXFileReference; lastKnownFileType = sourcecode.c.h; path = AppDelegate.h; sourceTree = "<group>"; };
		D62B372E19FD665B00B2DCF2 /* AppDelegate.m */ = {isa = PBXFileReference; lastKnownFileType = sourcecode.c.objc; path = AppDelegate.m; sourceTree = "<group>"; };
		D62B373119FD665B00B2DCF2 /* UnitTestsCardExample.xcdatamodel */ = {isa = PBXFileReference; lastKnownFileType = wrapper.xcdatamodel; path = UnitTestsCardExample.xcdatamodel; sourceTree = "<group>"; };
		D62B373319FD665B00B2DCF2 /* ViewController.h */ = {isa = PBXFileReference; lastKnownFileType = sourcecode.c.h; path = ViewController.h; sourceTree = "<group>"; };
		D62B373419FD665B00B2DCF2 /* ViewController.m */ = {isa = PBXFileReference; lastKnownFileType = sourcecode.c.objc; path = ViewController.m; sourceTree = "<group>"; };
		D62B373719FD665B00B2DCF2 /* Base */ = {isa = PBXFileReference; lastKnownFileType = file.storyboard; name = Base; path = Base.lproj/Main.storyboard; sourceTree = "<group>"; };
		D62B373919FD665B00B2DCF2 /* Images.xcassets */ = {isa = PBXFileReference; lastKnownFileType = folder.assetcatalog; path = Images.xcassets; sourceTree = "<group>"; };
		D62B373C19FD665B00B2DCF2 /* Base */ = {isa = PBXFileReference; lastKnownFileType = file.xib; name = Base; path = Base.lproj/LaunchScreen.xib; sourceTree = "<group>"; };
		D62B374219FD665B00B2DCF2 /* UnitTestsCardExampleTests.xctest */ = {isa = PBXFileReference; explicitFileType = wrapper.cfbundle; includeInIndex = 0; path = UnitTestsCardExampleTests.xctest; sourceTree = BUILT_PRODUCTS_DIR; };
		D62B374719FD665B00B2DCF2 /* Info.plist */ = {isa = PBXFileReference; lastKnownFileType = text.plist.xml; path = Info.plist; sourceTree = "<group>"; };
		D62B375319FD67C600B2DCF2 /* Card.m */ = {isa = PBXFileReference; fileEncoding = 4; lastKnownFileType = sourcecode.c.objc; path = Card.m; sourceTree = "<group>"; };
		D62B375519FD67E600B2DCF2 /* Card.h */ = {isa = PBXFileReference; fileEncoding = 4; lastKnownFileType = sourcecode.c.h; path = Card.h; sourceTree = "<group>"; };
		D62B375619FD6BD500B2DCF2 /* PlayingCard.m */ = {isa = PBXFileReference; fileEncoding = 4; lastKnownFileType = sourcecode.c.objc; path = PlayingCard.m; sourceTree = "<group>"; };
		D62B375819FD6BF100B2DCF2 /* PlayingCard.h */ = {isa = PBXFileReference; lastKnownFileType = sourcecode.c.h; path = PlayingCard.h; sourceTree = "<group>"; };
		D62B375919FD718300B2DCF2 /* Deck.h */ = {isa = PBXFileReference; fileEncoding = 4; lastKnownFileType = sourcecode.c.h; path = Deck.h; sourceTree = "<group>"; };
		D62B375A19FD71AA00B2DCF2 /* Deck.m */ = {isa = PBXFileReference; fileEncoding = 4; lastKnownFileType = sourcecode.c.objc; path = Deck.m; sourceTree = "<group>"; };
		D62B375C19FD724700B2DCF2 /* PlayingCardDeck.h */ = {isa = PBXFileReference; fileEncoding = 4; lastKnownFileType = sourcecode.c.h; path = PlayingCardDeck.h; sourceTree = "<group>"; };
		D62B375D19FD726600B2DCF2 /* PlayingCardDeck.m */ = {isa = PBXFileReference; fileEncoding = 4; lastKnownFileType = sourcecode.c.objc; path = PlayingCardDeck.m; sourceTree = "<group>"; };
		D62B375F19FD889400B2DCF2 /* CardTestCase.m */ = {isa = PBXFileReference; fileEncoding = 4; lastKnownFileType = sourcecode.c.objc; path = CardTestCase.m; sourceTree = "<group>"; };
		D62B376119FD966600B2DCF2 /* PlayingCardTestCase.m */ = {isa = PBXFileReference; fileEncoding = 4; lastKnownFileType = sourcecode.c.objc; path = PlayingCardTestCase.m; sourceTree = "<group>"; };
		D62B376319FD9AFD00B2DCF2 /* DeckTestCase.m */ = {isa = PBXFileReference; fileEncoding = 4; lastKnownFileType = sourcecode.c.objc; path = DeckTestCase.m; sourceTree = "<group>"; };
		D62B376519FD9D1400B2DCF2 /* PlayingCardDeckTestCase.m */ = {isa = PBXFileReference; fileEncoding = 4; lastKnownFileType = sourcecode.c.objc; path = PlayingCardDeckTestCase.m; sourceTree = "<group>"; };
/* End PBXFileReference section */

/* Begin PBXFrameworksBuildPhase section */
		D62B372319FD665B00B2DCF2 /* Frameworks */ = {
			isa = PBXFrameworksBuildPhase;
			buildActionMask = 2147483647;
			files = (
			);
			runOnlyForDeploymentPostprocessing = 0;
		};
		D62B373F19FD665B00B2DCF2 /* Frameworks */ = {
			isa = PBXFrameworksBuildPhase;
			buildActionMask = 2147483647;
			files = (
			);
			runOnlyForDeploymentPostprocessing = 0;
		};
/* End PBXFrameworksBuildPhase section */

/* Begin PBXGroup section */
		D62B371D19FD665B00B2DCF2 = {
			isa = PBXGroup;
			children = (
				D62B372819FD665B00B2DCF2 /* UnitTestsCardExample */,
				D62B374519FD665B00B2DCF2 /* UnitTestsCardExampleTests */,
				D62B372719FD665B00B2DCF2 /* Products */,
			);
			sourceTree = "<group>";
		};
		D62B372719FD665B00B2DCF2 /* Products */ = {
			isa = PBXGroup;
			children = (
				D62B372619FD665B00B2DCF2 /* UnitTestsCardExample.app */,
				D62B374219FD665B00B2DCF2 /* UnitTestsCardExampleTests.xctest */,
			);
			name = Products;
			sourceTree = "<group>";
		};
		D62B372819FD665B00B2DCF2 /* UnitTestsCardExample */ = {
			isa = PBXGroup;
			children = (
				D62B375219FD66C400B2DCF2 /* Models */,
				D62B372D19FD665B00B2DCF2 /* AppDelegate.h */,
				D62B372E19FD665B00B2DCF2 /* AppDelegate.m */,
				D62B373319FD665B00B2DCF2 /* ViewController.h */,
				D62B373419FD665B00B2DCF2 /* ViewController.m */,
				D62B373619FD665B00B2DCF2 /* Main.storyboard */,
				D62B373919FD665B00B2DCF2 /* Images.xcassets */,
				D62B373B19FD665B00B2DCF2 /* LaunchScreen.xib */,
				D62B373019FD665B00B2DCF2 /* UnitTestsCardExample.xcdatamodeld */,
				D62B372919FD665B00B2DCF2 /* Supporting Files */,
			);
			path = UnitTestsCardExample;
			sourceTree = "<group>";
		};
		D62B372919FD665B00B2DCF2 /* Supporting Files */ = {
			isa = PBXGroup;
			children = (
				D62B372A19FD665B00B2DCF2 /* Info.plist */,
				D62B372B19FD665B00B2DCF2 /* main.m */,
			);
			name = "Supporting Files";
			sourceTree = "<group>";
		};
		D62B374519FD665B00B2DCF2 /* UnitTestsCardExampleTests */ = {
			isa = PBXGroup;
			children = (
				D62B375F19FD889400B2DCF2 /* CardTestCase.m */,
				D62B376119FD966600B2DCF2 /* PlayingCardTestCase.m */,
				D62B376319FD9AFD00B2DCF2 /* DeckTestCase.m */,
				D62B376519FD9D1400B2DCF2 /* PlayingCardDeckTestCase.m */,
				D62B374619FD665B00B2DCF2 /* Supporting Files */,
			);
			path = UnitTestsCardExampleTests;
			sourceTree = "<group>";
		};
		D62B374619FD665B00B2DCF2 /* Supporting Files */ = {
			isa = PBXGroup;
			children = (
				D62B374719FD665B00B2DCF2 /* Info.plist */,
			);
			name = "Supporting Files";
			sourceTree = "<group>";
		};
		D62B375219FD66C400B2DCF2 /* Models */ = {
			isa = PBXGroup;
			children = (
				D62B375319FD67C600B2DCF2 /* Card.m */,
				D62B375519FD67E600B2DCF2 /* Card.h */,
				D62B375619FD6BD500B2DCF2 /* PlayingCard.m */,
				D62B375819FD6BF100B2DCF2 /* PlayingCard.h */,
				D62B375919FD718300B2DCF2 /* Deck.h */,
				D62B375A19FD71AA00B2DCF2 /* Deck.m */,
				D62B375C19FD724700B2DCF2 /* PlayingCardDeck.h */,
				D62B375D19FD726600B2DCF2 /* PlayingCardDeck.m */,
			);
			name = Models;
			sourceTree = "<group>";
		};
/* End PBXGroup section */

/* Begin PBXNativeTarget section */
		D62B372519FD665B00B2DCF2 /* UnitTestsCardExample */ = {
			isa = PBXNativeTarget;
			buildConfigurationList = D62B374C19FD665B00B2DCF2 /* Build configuration list for PBXNativeTarget "UnitTestsCardExample" */;
			buildPhases = (
				D62B372219FD665B00B2DCF2 /* Sources */,
				D62B372319FD665B00B2DCF2 /* Frameworks */,
				D62B372419FD665B00B2DCF2 /* Resources */,
			);
			buildRules = (
			);
			dependencies = (
			);
			name = UnitTestsCardExample;
			productName = UnitTestsCardExample;
			productReference = D62B372619FD665B00B2DCF2 /* UnitTestsCardExample.app */;
			productType = "com.apple.product-type.application";
		};
		D62B374119FD665B00B2DCF2 /* UnitTestsCardExampleTests */ = {
			isa = PBXNativeTarget;
			buildConfigurationList = D62B374F19FD665B00B2DCF2 /* Build configuration list for PBXNativeTarget "UnitTestsCardExampleTests" */;
			buildPhases = (
				D62B373E19FD665B00B2DCF2 /* Sources */,
				D62B373F19FD665B00B2DCF2 /* Frameworks */,
				D62B374019FD665B00B2DCF2 /* Resources */,
			);
			buildRules = (
			);
			dependencies = (
				D62B374419FD665B00B2DCF2 /* PBXTargetDependency */,
			);
			name = UnitTestsCardExampleTests;
			productName = UnitTestsCardExampleTests;
			productReference = D62B374219FD665B00B2DCF2 /* UnitTestsCardExampleTests.xctest */;
			productType = "com.apple.product-type.bundle.unit-test";
		};
/* End PBXNativeTarget section */

/* Begin PBXProject section */
		D62B371E19FD665B00B2DCF2 /* Project object */ = {
			isa = PBXProject;
			attributes = {
				LastUpgradeCheck = 0610;
				ORGANIZATIONNAME = "Clube de Autores";
				TargetAttributes = {
					D62B372519FD665B00B2DCF2 = {
						CreatedOnToolsVersion = 6.1;
					};
					D62B374119FD665B00B2DCF2 = {
						CreatedOnToolsVersion = 6.1;
						TestTargetID = D62B372519FD665B00B2DCF2;
					};
				};
			};
			buildConfigurationList = D62B372119FD665B00B2DCF2 /* Build configuration list for PBXProject "UnitTestsCardExample" */;
			compatibilityVersion = "Xcode 3.2";
			developmentRegion = English;
			hasScannedForEncodings = 0;
			knownRegions = (
				en,
				Base,
			);
			mainGroup = D62B371D19FD665B00B2DCF2;
			productRefGroup = D62B372719FD665B00B2DCF2 /* Products */;
			projectDirPath = "";
			projectRoot = "";
			targets = (
				D62B372519FD665B00B2DCF2 /* UnitTestsCardExample */,
				D62B374119FD665B00B2DCF2 /* UnitTestsCardExampleTests */,
			);
		};
/* End PBXProject section */

/* Begin PBXResourcesBuildPhase section */
		D62B372419FD665B00B2DCF2 /* Resources */ = {
			isa = PBXResourcesBuildPhase;
			buildActionMask = 2147483647;
			files = (
				D62B373819FD665B00B2DCF2 /* Main.storyboard in Resources */,
				D62B373D19FD665B00B2DCF2 /* LaunchScreen.xib in Resources */,
				D62B373A19FD665B00B2DCF2 /* Images.xcassets in Resources */,
			);
			runOnlyForDeploymentPostprocessing = 0;
		};
		D62B374019FD665B00B2DCF2 /* Resources */ = {
			isa = PBXResourcesBuildPhase;
			buildActionMask = 2147483647;
			files = (
			);
			runOnlyForDeploymentPostprocessing = 0;
		};
/* End PBXResourcesBuildPhase section */

/* Begin PBXSourcesBuildPhase section */
		D62B372219FD665B00B2DCF2 /* Sources */ = {
			isa = PBXSourcesBuildPhase;
			buildActionMask = 2147483647;
			files = (
				D62B375719FD6BD500B2DCF2 /* PlayingCard.m in Sources */,
				D62B375E19FD726600B2DCF2 /* PlayingCardDeck.m in Sources */,
				D62B375B19FD71AA00B2DCF2 /* Deck.m in Sources */,
				D62B375419FD67C600B2DCF2 /* Card.m in Sources */,
				D62B372F19FD665B00B2DCF2 /* AppDelegate.m in Sources */,
				D62B373219FD665B00B2DCF2 /* UnitTestsCardExample.xcdatamodeld in Sources */,
				D62B373519FD665B00B2DCF2 /* ViewController.m in Sources */,
				D62B372C19FD665B00B2DCF2 /* main.m in Sources */,
			);
			runOnlyForDeploymentPostprocessing = 0;
		};
		D62B373E19FD665B00B2DCF2 /* Sources */ = {
			isa = PBXSourcesBuildPhase;
			buildActionMask = 2147483647;
			files = (
				D62B376219FD966600B2DCF2 /* PlayingCardTestCase.m in Sources */,
				D62B376619FD9D1400B2DCF2 /* PlayingCardDeckTestCase.m in Sources */,
				D62B376419FD9AFD00B2DCF2 /* DeckTestCase.m in Sources */,
				D62B376019FD889400B2DCF2 /* CardTestCase.m in Sources */,
			);
			runOnlyForDeploymentPostprocessing = 0;
		};
/* End PBXSourcesBuildPhase section */

/* Begin PBXTargetDependency section */
		D62B374419FD665B00B2DCF2 /* PBXTargetDependency */ = {
			isa = PBXTargetDependency;
			target = D62B372519FD665B00B2DCF2 /* UnitTestsCardExample */;
			targetProxy = D62B374319FD665B00B2DCF2 /* PBXContainerItemProxy */;
		};
/* End PBXTargetDependency section */

/* Begin PBXVariantGroup section */
		D62B373619FD665B00B2DCF2 /* Main.storyboard */ = {
			isa = PBXVariantGroup;
			children = (
				D62B373719FD665B00B2DCF2 /* Base */,
			);
			name = Main.storyboard;
			sourceTree = "<group>";
		};
		D62B373B19FD665B00B2DCF2 /* LaunchScreen.xib */ = {
			isa = PBXVariantGroup;
			children = (
				D62B373C19FD665B00B2DCF2 /* Base */,
			);
			name = LaunchScreen.xib;
			sourceTree = "<group>";
		};
/* End PBXVariantGroup section */

/* Begin XCBuildConfiguration section */
		D62B374A19FD665B00B2DCF2 /* Debug */ = {
			isa = XCBuildConfiguration;
			buildSettings = {
				ALWAYS_SEARCH_USER_PATHS = NO;
				CLANG_CXX_LANGUAGE_STANDARD = "gnu++0x";
				CLANG_CXX_LIBRARY = "libc++";
				CLANG_ENABLE_MODULES = YES;
				CLANG_ENABLE_OBJC_ARC = YES;
				CLANG_WARN_BOOL_CONVERSION = YES;
				CLANG_WARN_CONSTANT_CONVERSION = YES;
				CLANG_WARN_DIRECT_OBJC_ISA_USAGE = YES_ERROR;
				CLANG_WARN_EMPTY_BODY = YES;
				CLANG_WARN_ENUM_CONVERSION = YES;
				CLANG_WARN_INT_CONVERSION = YES;
				CLANG_WARN_OBJC_ROOT_CLASS = YES_ERROR;
				CLANG_WARN_UNREACHABLE_CODE = YES;
				CLANG_WARN__DUPLICATE_METHOD_MATCH = YES;
				"CODE_SIGN_IDENTITY[sdk=iphoneos*]" = "iPhone Developer";
				COPY_PHASE_STRIP = NO;
				ENABLE_STRICT_OBJC_MSGSEND = YES;
				GCC_C_LANGUAGE_STANDARD = gnu99;
				GCC_DYNAMIC_NO_PIC = NO;
				GCC_OPTIMIZATION_LEVEL = 0;
				GCC_PREPROCESSOR_DEFINITIONS = (
					"DEBUG=1",
					"$(inherited)",
				);
				GCC_SYMBOLS_PRIVATE_EXTERN = NO;
				GCC_WARN_64_TO_32_BIT_CONVERSION = YES;
				GCC_WARN_ABOUT_RETURN_TYPE = YES_ERROR;
				GCC_WARN_UNDECLARED_SELECTOR = YES;
				GCC_WARN_UNINITIALIZED_AUTOS = YES_AGGRESSIVE;
				GCC_WARN_UNUSED_FUNCTION = YES;
				GCC_WARN_UNUSED_VARIABLE = YES;
				IPHONEOS_DEPLOYMENT_TARGET = 8.1;
				MTL_ENABLE_DEBUG_INFO = YES;
				ONLY_ACTIVE_ARCH = YES;
				SDKROOT = iphoneos;
			};
			name = Debug;
		};
		D62B374B19FD665B00B2DCF2 /* Release */ = {
			isa = XCBuildConfiguration;
			buildSettings = {
				ALWAYS_SEARCH_USER_PATHS = NO;
				CLANG_CXX_LANGUAGE_STANDARD = "gnu++0x";
				CLANG_CXX_LIBRARY = "libc++";
				CLANG_ENABLE_MODULES = YES;
				CLANG_ENABLE_OBJC_ARC = YES;
				CLANG_WARN_BOOL_CONVERSION = YES;
				CLANG_WARN_CONSTANT_CONVERSION = YES;
				CLANG_WARN_DIRECT_OBJC_ISA_USAGE = YES_ERROR;
				CLANG_WARN_EMPTY_BODY = YES;
				CLANG_WARN_ENUM_CONVERSION = YES;
				CLANG_WARN_INT_CONVERSION = YES;
				CLANG_WARN_OBJC_ROOT_CLASS = YES_ERROR;
				CLANG_WARN_UNREACHABLE_CODE = YES;
				CLANG_WARN__DUPLICATE_METHOD_MATCH = YES;
				"CODE_SIGN_IDENTITY[sdk=iphoneos*]" = "iPhone Developer";
				COPY_PHASE_STRIP = YES;
				ENABLE_NS_ASSERTIONS = NO;
				ENABLE_STRICT_OBJC_MSGSEND = YES;
				GCC_C_LANGUAGE_STANDARD = gnu99;
				GCC_WARN_64_TO_32_BIT_CONVERSION = YES;
				GCC_WARN_ABOUT_RETURN_TYPE = YES_ERROR;
				GCC_WARN_UNDECLARED_SELECTOR = YES;
				GCC_WARN_UNINITIALIZED_AUTOS = YES_AGGRESSIVE;
				GCC_WARN_UNUSED_FUNCTION = YES;
				GCC_WARN_UNUSED_VARIABLE = YES;
				IPHONEOS_DEPLOYMENT_TARGET = 8.1;
				MTL_ENABLE_DEBUG_INFO = NO;
				SDKROOT = iphoneos;
				VALIDATE_PRODUCT = YES;
			};
			name = Release;
		};
		D62B374D19FD665B00B2DCF2 /* Debug */ = {
			isa = XCBuildConfiguration;
			buildSettings = {
				ASSETCATALOG_COMPILER_APPICON_NAME = AppIcon;
				INFOPLIST_FILE = UnitTestsCardExample/Info.plist;
				LD_RUNPATH_SEARCH_PATHS = "$(inherited) @executable_path/Frameworks";
				PRODUCT_NAME = "$(TARGET_NAME)";
			};
			name = Debug;
		};
		D62B374E19FD665B00B2DCF2 /* Release */ = {
			isa = XCBuildConfiguration;
			buildSettings = {
				ASSETCATALOG_COMPILER_APPICON_NAME = AppIcon;
				INFOPLIST_FILE = UnitTestsCardExample/Info.plist;
				LD_RUNPATH_SEARCH_PATHS = "$(inherited) @executable_path/Frameworks";
				PRODUCT_NAME = "$(TARGET_NAME)";
			};
			name = Release;
		};
		D62B375019FD665B00B2DCF2 /* Debug */ = {
			isa = XCBuildConfiguration;
			buildSettings = {
				BUNDLE_LOADER = "$(TEST_HOST)";
				FRAMEWORK_SEARCH_PATHS = (
					"$(SDKROOT)/Developer/Library/Frameworks",
					"$(inherited)",
				);
				GCC_PREPROCESSOR_DEFINITIONS = (
					"DEBUG=1",
					"$(inherited)",
				);
				INFOPLIST_FILE = UnitTestsCardExampleTests/Info.plist;
				LD_RUNPATH_SEARCH_PATHS = "$(inherited) @executable_path/Frameworks @loader_path/Frameworks";
				PRODUCT_NAME = "$(TARGET_NAME)";
				TEST_HOST = "$(BUILT_PRODUCTS_DIR)/UnitTestsCardExample.app/UnitTestsCardExample";
			};
			name = Debug;
		};
		D62B375119FD665B00B2DCF2 /* Release */ = {
			isa = XCBuildConfiguration;
			buildSettings = {
				BUNDLE_LOADER = "$(TEST_HOST)";
				FRAMEWORK_SEARCH_PATHS = (
					"$(SDKROOT)/Developer/Library/Frameworks",
					"$(inherited)",
				);
				INFOPLIST_FILE = UnitTestsCardExampleTests/Info.plist;
				LD_RUNPATH_SEARCH_PATHS = "$(inherited) @executable_path/Frameworks @loader_path/Frameworks";
				PRODUCT_NAME = "$(TARGET_NAME)";
				TEST_HOST = "$(BUILT_PRODUCTS_DIR)/UnitTestsCardExample.app/UnitTestsCardExample";
			};
			name = Release;
		};
/* End XCBuildConfiguration section */

/* Begin XCConfigurationList section */
		D62B372119FD665B00B2DCF2 /* Build configuration list for PBXProject "UnitTestsCardExample" */ = {
			isa = XCConfigurationList;
			buildConfigurations = (
				D62B374A19FD665B00B2DCF2 /* Debug */,
				D62B374B19FD665B00B2DCF2 /* Release */,
			);
			defaultConfigurationIsVisible = 0;
			defaultConfigurationName = Release;
		};
		D62B374C19FD665B00B2DCF2 /* Build configuration list for PBXNativeTarget "UnitTestsCardExample" */ = {
			isa = XCConfigurationList;
			buildConfigurations = (
				D62B374D19FD665B00B2DCF2 /* Debug */,
				D62B374E19FD665B00B2DCF2 /* Release */,
			);
			defaultConfigurationIsVisible = 0;
		};
		D62B374F19FD665B00B2DCF2 /* Build configuration list for PBXNativeTarget "UnitTestsCardExampleTests" */ = {
			isa = XCConfigurationList;
			buildConfigurations = (
				D62B375019FD665B00B2DCF2 /* Debug */,
				D62B375119FD665B00B2DCF2 /* Release */,
			);
			defaultConfigurationIsVisible = 0;
		};
/* End XCConfigurationList section */

/* Begin XCVersionGroup section */
		D62B373019FD665B00B2DCF2 /* UnitTestsCardExample.xcdatamodeld */ = {
			isa = XCVersionGroup;
			children = (
				D62B373119FD665B00B2DCF2 /* UnitTestsCardExample.xcdatamodel */,
			);
			currentVersion = D62B373119FD665B00B2DCF2 /* UnitTestsCardExample.xcdatamodel */;
			path = UnitTestsCardExample.xcdatamodeld;
			sourceTree = "<group>";
			versionGroupType = wrapper.xcdatamodel;
		};
/* End XCVersionGroup section */
	};
	rootObject = D62B371E19FD665B00B2DCF2 /* Project object */;
}
